github.com/hack-pad/safejs v0.1.1 h1:d5qPO0iQ7h2oVtpzGnLExE+Wn9AtytxIfltcS2b9KD8=
github.com/hack-pad/safejs v0.1.1/go.mod h1:HdS+bKF1NrE72VoXZeWzxFOVQVUSqZJAG0xNCnb+Tio=
github.com/nlepage/go-js-promise v1.0.0 h1:K7OmJ3+0BgWJ2LfXchg2sI6RDr7AW/KWR8182epFwGQ=
github.com/nlepage/go-js-promise v1.0.0/go.mod h1:bdOP0wObXu34euibyK39K1hoBCtlgTKXGc56AGflaRo=
github.com/tmaxmax/go-sse v0.8.0 h1:pPpTgyyi1r7vG2o6icebnpGEh3ebcnBXqDWkb7aTofs=
github.com/tmaxmax/go-sse v0.8.0/go.mod h1:HLoxqxdH+7oSUItjtnpxjzJedfr/+Rrm/dNWBcTxJFM=
golang.org/x/mod v0.7.0/go.mod h1:iBbtSCu2XBx23ZKBPSOrRkjjQPZFPuis4dIYUhu/chs=
golang.org/x/sys v0.4.0/go.mod h1:oPkhp1MJrh7nUepCBck5+mAzfO9JrbApNNgaTdGDITg=
golang.org/x/tools v0.5.0/go.mod h1:N+Kgy78s5I24c24dU8OfWNEotWjutIs8SnJvn5IDq+k=
